
Microsoft Visual Studio Solution File, Format Version 12.00
# Visual Studio Version 17
VisualStudioVersion = 17.5.002.0
MinimumVisualStudioVersion = 10.0.40219.1
Project("{9A19103F-16F7-4668-BE54-9A1E7A4F7556}") = "TodoApi", "TodoApi\TodoApi.csproj", "{52133D16-513C-482F-B2C5-A8C6D67CCA47}"
EndProject
Global
	GlobalSection(SolutionConfigurationPlatforms) = preSolution
		Debug|Any CPU = Debug|Any CPU
		Release|Any CPU = Release|Any CPU
	EndGlobalSection
	GlobalSection(ProjectConfigurationPlatforms) = postSolution
		{52133D16-513C-482F-B2C5-A8C6D67CCA47}.Debug|Any CPU.ActiveCfg = Debug|Any CPU
		{52133D16-513C-482F-B2C5-A8C6D67CCA47}.Debug|Any CPU.Build.0 = Debug|Any CPU
		{52133D16-513C-482F-B2C5-A8C6D67CCA47}.Release|Any CPU.ActiveCfg = Release|Any CPU
		{52133D16-513C-482F-B2C5-A8C6D67CCA47}.Release|Any CPU.Build.0 = Release|Any CPU
	EndGlobalSection
	GlobalSection(SolutionProperties) = preSolution
		HideSolutionNode = FALSE
	EndGlobalSection
	GlobalSection(ExtensibilityGlobals) = postSolution
		SolutionGuid = {33F6ADDF-3769-43CB-BD5F-D7819A08AF65}
	EndGlobalSection
EndGlobal
